// !$*UTF8*$!
{
	archiveVersion = 1;
	classes = {
	};
	objectVersion = 50;
	objects = {

/* Begin PBXBuildFile section */
		EE6F335A25452E5300408846 /* ExpansionViewController.swift in Sources */ = {isa = PBXBuildFile; fileRef = EE6F335925452E5300408846 /* ExpansionViewController.swift */; };
		EE6F33BC2547A24000408846 /* Ham1.jpg in Resources */ = {isa = PBXBuildFile; fileRef = EE6F33BA2547A24000408846 /* Ham1.jpg */; };
		EE6F33BD2547A24000408846 /* Ham2.jpg in Resources */ = {isa = PBXBuildFile; fileRef = EE6F33BB2547A24000408846 /* Ham2.jpg */; };
		EE6F33BF2547A24700408846 /* Ham3.jpg in Resources */ = {isa = PBXBuildFile; fileRef = EE6F33BE2547A24700408846 /* Ham3.jpg */; };
		EE7C62072534452800A727C2 /* AppDelegate.swift in Sources */ = {isa = PBXBuildFile; fileRef = EE7C62062534452800A727C2 /* AppDelegate.swift */; };
		EE7C62092534452800A727C2 /* SceneDelegate.swift in Sources */ = {isa = PBXBuildFile; fileRef = EE7C62082534452800A727C2 /* SceneDelegate.swift */; };
		EE7C620B2534452800A727C2 /* ViewController.swift in Sources */ = {isa = PBXBuildFile; fileRef = EE7C620A2534452800A727C2 /* ViewController.swift */; };
		EE7C620E2534452800A727C2 /* Main.storyboard in Resources */ = {isa = PBXBuildFile; fileRef = EE7C620C2534452800A727C2 /* Main.storyboard */; };
		EE7C62102534452C00A727C2 /* Assets.xcassets in Resources */ = {isa = PBXBuildFile; fileRef = EE7C620F2534452C00A727C2 /* Assets.xcassets */; };
		EE7C62132534452C00A727C2 /* LaunchScreen.storyboard in Resources */ = {isa = PBXBuildFile; fileRef = EE7C62112534452C00A727C2 /* LaunchScreen.storyboard */; };
		EE7C621E2534452C00A727C2 /* SlideshowAppTests.swift in Sources */ = {isa = PBXBuildFile; fileRef = EE7C621D2534452C00A727C2 /* SlideshowAppTests.swift */; };
		EE7C62292534452C00A727C2 /* SlideshowAppUITests.swift in Sources */ = {isa = PBXBuildFile; fileRef = EE7C62282534452C00A727C2 /* SlideshowAppUITests.swift */; };
		EE7C6237253FBFC000A727C2 /* frenjamin-benklin-waKf09YkDcw-unsplash.jpg in Resources */ = {isa = PBXBuildFile; fileRef = EE7C6236253FBFC000A727C2 /* frenjamin-benklin-waKf09YkDcw-unsplash.jpg */; };
/* End PBXBuildFile section */

/* Begin PBXContainerItemProxy section */
		EE7C621A2534452C00A727C2 /* PBXContainerItemProxy */ = {
			isa = PBXContainerItemProxy;
			containerPortal = EE7C61FB2534452800A727C2 /* Project object */;
			proxyType = 1;
			remoteGlobalIDString = EE7C62022534452800A727C2;
			remoteInfo = SlideshowApp;
		};
		EE7C62252534452C00A727C2 /* PBXContainerItemProxy */ = {
			isa = PBXContainerItemProxy;
			containerPortal = EE7C61FB2534452800A727C2 /* Project object */;
			proxyType = 1;
			remoteGlobalIDString = EE7C62022534452800A727C2;
			remoteInfo = SlideshowApp;
		};
/* End PBXContainerItemProxy section */

/* Begin PBXFileReference section */
		EE6F335925452E5300408846 /* ExpansionViewController.swift */ = {isa = PBXFileReference; lastKnownFileType = sourcecode.swift; path = ExpansionViewController.swift; sourceTree = "<group>"; };
		EE6F33BA2547A24000408846 /* Ham1.jpg */ = {isa = PBXFileReference; lastKnownFileType = image.jpeg; name = Ham1.jpg; path = ../../Ham1.jpg; sourceTree = "<group>"; };
		EE6F33BB2547A24000408846 /* Ham2.jpg */ = {isa = PBXFileReference; lastKnownFileType = image.jpeg; path = Ham2.jpg; sourceTree = "<group>"; };
		EE6F33BE2547A24700408846 /* Ham3.jpg */ = {isa = PBXFileReference; lastKnownFileType = image.jpeg; name = Ham3.jpg; path = ../../Ham3.jpg; sourceTree = "<group>"; };
		EE7C62032534452800A727C2 /* SlideshowApp.app */ = {isa = PBXFileReference; explicitFileType = wrapper.application; includeInIndex = 0; path = SlideshowApp.app; sourceTree = BUILT_PRODUCTS_DIR; };
		EE7C62062534452800A727C2 /* AppDelegate.swift */ = {isa = PBXFileReference; lastKnownFileType = sourcecode.swift; path = AppDelegate.swift; sourceTree = "<group>"; };
		EE7C62082534452800A727C2 /* SceneDelegate.swift */ = {isa = PBXFileReference; lastKnownFileType = sourcecode.swift; path = SceneDelegate.swift; sourceTree = "<group>"; };
		EE7C620A2534452800A727C2 /* ViewController.swift */ = {isa = PBXFileReference; lastKnownFileType = sourcecode.swift; path = ViewController.swift; sourceTree = "<group>"; };
		EE7C620D2534452800A727C2 /* Base */ = {isa = PBXFileReference; lastKnownFileType = file.storyboard; name = Base; path = Base.lproj/Main.storyboard; sourceTree = "<group>"; };
		EE7C620F2534452C00A727C2 /* Assets.xcassets */ = {isa = PBXFileReference; lastKnownFileType = folder.assetcatalog; path = Assets.xcassets; sourceTree = "<group>"; };
		EE7C62122534452C00A727C2 /* Base */ = {isa = PBXFileReference; lastKnownFileType = file.storyboard; name = Base; path = Base.lproj/LaunchScreen.storyboard; sourceTree = "<group>"; };
		EE7C62142534452C00A727C2 /* Info.plist */ = {isa = PBXFileReference; lastKnownFileType = text.plist.xml; path = Info.plist; sourceTree = "<group>"; };
		EE7C62192534452C00A727C2 /* SlideshowAppTests.xctest */ = {isa = PBXFileReference; explicitFileType = wrapper.cfbundle; includeInIndex = 0; path = SlideshowAppTests.xctest; sourceTree = BUILT_PRODUCTS_DIR; };
		EE7C621D2534452C00A727C2 /* SlideshowAppTests.swift */ = {isa = PBXFileReference; lastKnownFileType = sourcecode.swift; path = SlideshowAppTests.swift; sourceTree = "<group>"; };
		EE7C621F2534452C00A727C2 /* Info.plist */ = {isa = PBXFileReference; lastKnownFileType = text.plist.xml; path = Info.plist; sourceTree = "<group>"; };
		EE7C62242534452C00A727C2 /* SlideshowAppUITests.xctest */ = {isa = PBXFileReference; explicitFileType = wrapper.cfbundle; includeInIndex = 0; path = SlideshowAppUITests.xctest; sourceTree = BUILT_PRODUCTS_DIR; };
		EE7C62282534452C00A727C2 /* SlideshowAppUITests.swift */ = {isa = PBXFileReference; lastKnownFileType = sourcecode.swift; path = SlideshowAppUITests.swift; sourceTree = "<group>"; };
		EE7C622A2534452C00A727C2 /* Info.plist */ = {isa = PBXFileReference; lastKnownFileType = text.plist.xml; path = Info.plist; sourceTree = "<group>"; };
		EE7C6236253FBFC000A727C2 /* frenjamin-benklin-waKf09YkDcw-unsplash.jpg */ = {isa = PBXFileReference; lastKnownFileType = image.jpeg; path = "frenjamin-benklin-waKf09YkDcw-unsplash.jpg"; sourceTree = "<group>"; };
/* End PBXFileReference section */

/* Begin PBXFrameworksBuildPhase section */
		EE7C62002534452800A727C2 /* Frameworks */ = {
			isa = PBXFrameworksBuildPhase;
			buildActionMask = 2147483647;
			files = (
			);
			runOnlyForDeploymentPostprocessing = 0;
		};
		EE7C62162534452C00A727C2 /* Frameworks */ = {
			isa = PBXFrameworksBuildPhase;
			buildActionMask = 2147483647;
			files = (
			);
			runOnlyForDeploymentPostprocessing = 0;
		};
		EE7C62212534452C00A727C2 /* Frameworks */ = {
			isa = PBXFrameworksBuildPhase;
			buildActionMask = 2147483647;
			files = (
			);
			runOnlyForDeploymentPostprocessing = 0;
		};
/* End PBXFrameworksBuildPhase section */

/* Begin PBXGroup section */
		EE7C61FA2534452800A727C2 = {
			isa = PBXGroup;
			children = (
				EE7C62052534452800A727C2 /* SlideshowApp */,
				EE7C621C2534452C00A727C2 /* SlideshowAppTests */,
				EE7C62272534452C00A727C2 /* SlideshowAppUITests */,
				EE7C62042534452800A727C2 /* Products */,
				EE6F33BA2547A24000408846 /* Ham1.jpg */,
				EE6F33BB2547A24000408846 /* Ham2.jpg */,
				EE6F33BE2547A24700408846 /* Ham3.jpg */,
			);
			sourceTree = "<group>";
		};
		EE7C62042534452800A727C2 /* Products */ = {
			isa = PBXGroup;
			children = (
				EE7C62032534452800A727C2 /* SlideshowApp.app */,
				EE7C62192534452C00A727C2 /* SlideshowAppTests.xctest */,
				EE7C62242534452C00A727C2 /* SlideshowAppUITests.xctest */,
			);
			name = Products;
			sourceTree = "<group>";
		};
		EE7C62052534452800A727C2 /* SlideshowApp */ = {
			isa = PBXGroup;
			children = (
				EE7C62062534452800A727C2 /* AppDelegate.swift */,
				EE7C62082534452800A727C2 /* SceneDelegate.swift */,
				EE7C620A2534452800A727C2 /* ViewController.swift */,
				EE6F335925452E5300408846 /* ExpansionViewController.swift */,
				EE7C620C2534452800A727C2 /* Main.storyboard */,
				EE7C620F2534452C00A727C2 /* Assets.xcassets */,
				EE7C6236253FBFC000A727C2 /* frenjamin-benklin-waKf09YkDcw-unsplash.jpg */,
				EE7C62112534452C00A727C2 /* LaunchScreen.storyboard */,
				EE7C62142534452C00A727C2 /* Info.plist */,
			);
			path = SlideshowApp;
			sourceTree = "<group>";
		};
		EE7C621C2534452C00A727C2 /* SlideshowAppTests */ = {
			isa = PBXGroup;
			children = (
				EE7C621D2534452C00A727C2 /* SlideshowAppTests.swift */,
				EE7C621F2534452C00A727C2 /* Info.plist */,
			);
			path = SlideshowAppTests;
			sourceTree = "<group>";
		};
		EE7C62272534452C00A727C2 /* SlideshowAppUITests */ = {
			isa = PBXGroup;
			children = (
				EE7C62282534452C00A727C2 /* SlideshowAppUITests.swift */,
				EE7C622A2534452C00A727C2 /* Info.plist */,
			);
			path = SlideshowAppUITests;
			sourceTree = "<group>";
		};
/* End PBXGroup section */

/* Begin PBXNativeTarget section */
		EE7C62022534452800A727C2 /* SlideshowApp */ = {
			isa = PBXNativeTarget;
			buildConfigurationList = EE7C622D2534452C00A727C2 /* Build configuration list for PBXNativeTarget "SlideshowApp" */;
			buildPhases = (
				EE7C61FF2534452800A727C2 /* Sources */,
				EE7C62002534452800A727C2 /* Frameworks */,
				EE7C62012534452800A727C2 /* Resources */,
			);
			buildRules = (
			);
			dependencies = (
			);
			name = SlideshowApp;
			productName = SlideshowApp;
			productReference = EE7C62032534452800A727C2 /* SlideshowApp.app */;
			productType = "com.apple.product-type.application";
		};
		EE7C62182534452C00A727C2 /* SlideshowAppTests */ = {
			isa = PBXNativeTarget;
			buildConfigurationList = EE7C62302534452C00A727C2 /* Build configuration list for PBXNativeTarget "SlideshowAppTests" */;
			buildPhases = (
				EE7C62152534452C00A727C2 /* Sources */,
				EE7C62162534452C00A727C2 /* Frameworks */,
				EE7C62172534452C00A727C2 /* Resources */,
			);
			buildRules = (
			);
			dependencies = (
				EE7C621B2534452C00A727C2 /* PBXTargetDependency */,
			);
			name = SlideshowAppTests;
			productName = SlideshowAppTests;
			productReference = EE7C62192534452C00A727C2 /* SlideshowAppTests.xctest */;
			productType = "com.apple.product-type.bundle.unit-test";
		};
		EE7C62232534452C00A727C2 /* SlideshowAppUITests */ = {
			isa = PBXNativeTarget;
			buildConfigurationList = EE7C62332534452C00A727C2 /* Build configuration list for PBXNativeTarget "SlideshowAppUITests" */;
			buildPhases = (
				EE7C62202534452C00A727C2 /* Sources */,
				EE7C62212534452C00A727C2 /* Frameworks */,
				EE7C62222534452C00A727C2 /* Resources */,
			);
			buildRules = (
			);
			dependencies = (
				EE7C62262534452C00A727C2 /* PBXTargetDependency */,
			);
			name = SlideshowAppUITests;
			productName = SlideshowAppUITests;
			productReference = EE7C62242534452C00A727C2 /* SlideshowAppUITests.xctest */;
			productType = "com.apple.product-type.bundle.ui-testing";
		};
/* End PBXNativeTarget section */

/* Begin PBXProject section */
		EE7C61FB2534452800A727C2 /* Project object */ = {
			isa = PBXProject;
			attributes = {
				LastSwiftUpdateCheck = 1150;
				LastUpgradeCheck = 1150;
				ORGANIZATIONNAME = tetelab;
				TargetAttributes = {
					EE7C62022534452800A727C2 = {
						CreatedOnToolsVersion = 11.5;
					};
					EE7C62182534452C00A727C2 = {
						CreatedOnToolsVersion = 11.5;
						TestTargetID = EE7C62022534452800A727C2;
					};
					EE7C62232534452C00A727C2 = {
						CreatedOnToolsVersion = 11.5;
						TestTargetID = EE7C62022534452800A727C2;
					};
				};
			};
			buildConfigurationList = EE7C61FE2534452800A727C2 /* Build configuration list for PBXProject "SlideshowApp" */;
			compatibilityVersion = "Xcode 9.3";
			developmentRegion = en;
			hasScannedForEncodings = 0;
			knownRegions = (
				en,
				Base,
			);
			mainGroup = EE7C61FA2534452800A727C2;
			productRefGroup = EE7C62042534452800A727C2 /* Products */;
			projectDirPath = "";
			projectRoot = "";
			targets = (
				EE7C62022534452800A727C2 /* SlideshowApp */,
				EE7C62182534452C00A727C2 /* SlideshowAppTests */,
				EE7C62232534452C00A727C2 /* SlideshowAppUITests */,
			);
		};
/* End PBXProject section */

/* Begin PBXResourcesBuildPhase section */
		EE7C62012534452800A727C2 /* Resources */ = {
			isa = PBXResourcesBuildPhase;
			buildActionMask = 2147483647;
			files = (
				EE7C62132534452C00A727C2 /* LaunchScreen.storyboard in Resources */,
				EE6F33BC2547A24000408846 /* Ham1.jpg in Resources */,
				EE7C62102534452C00A727C2 /* Assets.xcassets in Resources */,
				EE6F33BD2547A24000408846 /* Ham2.jpg in Resources */,
				EE7C620E2534452800A727C2 /* Main.storyboard in Resources */,
				EE7C6237253FBFC000A727C2 /* frenjamin-benklin-waKf09YkDcw-unsplash.jpg in Resources */,
				EE6F33BF2547A24700408846 /* Ham3.jpg in Resources */,
			);
			runOnlyForDeploymentPostprocessing = 0;
		};
		EE7C62172534452C00A727C2 /* Resources */ = {
			isa = PBXResourcesBuildPhase;
			buildActionMask = 2147483647;
			files = (
			);
			runOnlyForDeploymentPostprocessing = 0;
		};
		EE7C62222534452C00A727C2 /* Resources */ = {
			isa = PBXResourcesBuildPhase;
			buildActionMask = 2147483647;
			files = (
			);
			runOnlyForDeploymentPostprocessing = 0;
		};
/* End PBXResourcesBuildPhase section */

/* Begin PBXSourcesBuildPhase section */
		EE7C61FF2534452800A727C2 /* Sources */ = {
			isa = PBXSourcesBuildPhase;
			buildActionMask = 2147483647;
			files = (
				EE6F335A25452E5300408846 /* ExpansionViewController.swift in Sources */,
				EE7C620B2534452800A727C2 /* ViewController.swift in Sources */,
				EE7C62072534452800A727C2 /* AppDelegate.swift in Sources */,
				EE7C62092534452800A727C2 /* SceneDelegate.swift in Sources */,
			);
			runOnlyForDeploymentPostprocessing = 0;
		};
		EE7C62152534452C00A727C2 /* Sources */ = {
			isa = PBXSourcesBuildPhase;
			buildActionMask = 2147483647;
			files = (
				EE7C621E2534452C00A727C2 /* SlideshowAppTests.swift in Sources */,
			);
			runOnlyForDeploymentPostprocessing = 0;
		};
		EE7C62202534452C00A727C2 /* Sources */ = {
			isa = PBXSourcesBuildPhase;
			buildActionMask = 2147483647;
			files = (
				EE7C62292534452C00A727C2 /* SlideshowAppUITests.swift in Sources */,
			);
			runOnlyForDeploymentPostprocessing = 0;
		};
/* End PBXSourcesBuildPhase section */

/* Begin PBXTargetDependency section */
		EE7C621B2534452C00A727C2 /* PBXTargetDependency */ = {
			isa = PBXTargetDependency;
			target = EE7C62022534452800A727C2 /* SlideshowApp */;
			targetProxy = EE7C621A2534452C00A727C2 /* PBXContainerItemProxy */;
		};
		EE7C62262534452C00A727C2 /* PBXTargetDependency */ = {
			isa = PBXTargetDependency;
			target = EE7C62022534452800A727C2 /* SlideshowApp */;
			targetProxy = EE7C62252534452C00A727C2 /* PBXContainerItemProxy */;
		};
/* End PBXTargetDependency section */

/* Begin PBXVariantGroup section */
		EE7C620C2534452800A727C2 /* Main.storyboard */ = {
			isa = PBXVariantGroup;
			children = (
				EE7C620D2534452800A727C2 /* Base */,
			);
			name = Main.storyboard;
			sourceTree = "<group>";
		};
		EE7C62112534452C00A727C2 /* LaunchScreen.storyboard */ = {
			isa = PBXVariantGroup;
			children = (
				EE7C62122534452C00A727C2 /* Base */,
			);
			name = LaunchScreen.storyboard;
			sourceTree = "<group>";
		};
/* End PBXVariantGroup section */

/* Begin XCBuildConfiguration section */
		EE7C622B2534452C00A727C2 /* Debug */ = {
			isa = XCBuildConfiguration;
			buildSettings = {
				ALWAYS_SEARCH_USER_PATHS = NO;
				CLANG_ANALYZER_NONNULL = YES;
				CLANG_ANALYZER_NUMBER_OBJECT_CONVERSION = YES_AGGRESSIVE;
				CLANG_CXX_LANGUAGE_STANDARD = "gnu++14";
				CLANG_CXX_LIBRARY = "libc++";
				CLANG_ENABLE_MODULES = YES;
				CLANG_ENABLE_OBJC_ARC = YES;
				CLANG_ENABLE_OBJC_WEAK = YES;
				CLANG_WARN_BLOCK_CAPTURE_AUTORELEASING = YES;
				CLANG_WARN_BOOL_CONVERSION = YES;
				CLANG_WARN_COMMA = YES;
				CLANG_WARN_CONSTANT_CONVERSION = YES;
				CLANG_WARN_DEPRECATED_OBJC_IMPLEMENTATIONS = YES;
				CLANG_WARN_DIRECT_OBJC_ISA_USAGE = YES_ERROR;
				CLANG_WARN_DOCUMENTATION_COMMENTS = YES;
				CLANG_WARN_EMPTY_BODY = YES;
				CLANG_WARN_ENUM_CONVERSION = YES;
				CLANG_WARN_INFINITE_RECURSION = YES;
				CLANG_WARN_INT_CONVERSION = YES;
				CLANG_WARN_NON_LITERAL_NULL_CONVERSION = YES;
				CLANG_WARN_OBJC_IMPLICIT_RETAIN_SELF = YES;
				CLANG_WARN_OBJC_LITERAL_CONVERSION = YES;
				CLANG_WARN_OBJC_ROOT_CLASS = YES_ERROR;
				CLANG_WARN_RANGE_LOOP_ANALYSIS = YES;
				CLANG_WARN_STRICT_PROTOTYPES = YES;
				CLANG_WARN_SUSPICIOUS_MOVE = YES;
				CLANG_WARN_UNGUARDED_AVAILABILITY = YES_AGGRESSIVE;
				CLANG_WARN_UNREACHABLE_CODE = YES;
				CLANG_WARN__DUPLICATE_METHOD_MATCH = YES;
				COPY_PHASE_STRIP = NO;
				DEBUG_INFORMATION_FORMAT = dwarf;
				ENABLE_STRICT_OBJC_MSGSEND = YES;
				ENABLE_TESTABILITY = YES;
				GCC_C_LANGUAGE_STANDARD = gnu11;
				GCC_DYNAMIC_NO_PIC = NO;
				GCC_NO_COMMON_BLOCKS = YES;
				GCC_OPTIMIZATION_LEVEL = 0;
				GCC_PREPROCESSOR_DEFINITIONS = (
					"DEBUG=1",
					"$(inherited)",
				);
				GCC_WARN_64_TO_32_BIT_CONVERSION = YES;
				GCC_WARN_ABOUT_RETURN_TYPE = YES_ERROR;
				GCC_WARN_UNDECLARED_SELECTOR = YES;
				GCC_WARN_UNINITIALIZED_AUTOS = YES_AGGRESSIVE;
				GCC_WARN_UNUSED_FUNCTION = YES;
				GCC_WARN_UNUSED_VARIABLE = YES;
				IPHONEOS_DEPLOYMENT_TARGET = 13.5;
				MTL_ENABLE_DEBUG_INFO = INCLUDE_SOURCE;
				MTL_FAST_MATH = YES;
				ONLY_ACTIVE_ARCH = YES;
				SDKROOT = iphoneos;
				SWIFT_ACTIVE_COMPILATION_CONDITIONS = DEBUG;
				SWIFT_OPTIMIZATION_LEVEL = "-Onone";
			};
			name = Debug;
		};
		EE7C622C2534452C00A727C2 /* Release */ = {
			isa = XCBuildConfiguration;
			buildSettings = {
				ALWAYS_SEARCH_USER_PATHS = NO;
				CLANG_ANALYZER_NONNULL = YES;
				CLANG_ANALYZER_NUMBER_OBJECT_CONVERSION = YES_AGGRESSIVE;
				CLANG_CXX_LANGUAGE_STANDARD = "gnu++14";
				CLANG_CXX_LIBRARY = "libc++";
				CLANG_ENABLE_MODULES = YES;
				CLANG_ENABLE_OBJC_ARC = YES;
				CLANG_ENABLE_OBJC_WEAK = YES;
				CLANG_WARN_BLOCK_CAPTURE_AUTORELEASING = YES;
				CLANG_WARN_BOOL_CONVERSION = YES;
				CLANG_WARN_COMMA = YES;
				CLANG_WARN_CONSTANT_CONVERSION = YES;
				CLANG_WARN_DEPRECATED_OBJC_IMPLEMENTATIONS = YES;
				CLANG_WARN_DIRECT_OBJC_ISA_USAGE = YES_ERROR;
				CLANG_WARN_DOCUMENTATION_COMMENTS = YES;
				CLANG_WARN_EMPTY_BODY = YES;
				CLANG_WARN_ENUM_CONVERSION = YES;
				CLANG_WARN_INFINITE_RECURSION = YES;
				CLANG_WARN_INT_CONVERSION = YES;
				CLANG_WARN_NON_LITERAL_NULL_CONVERSION = YES;
				CLANG_WARN_OBJC_IMPLICIT_RETAIN_SELF = YES;
				CLANG_WARN_OBJC_LITERAL_CONVERSION = YES;
				CLANG_WARN_OBJC_ROOT_CLASS = YES_ERROR;
				CLANG_WARN_RANGE_LOOP_ANALYSIS = YES;
				CLANG_WARN_STRICT_PROTOTYPES = YES;
				CLANG_WARN_SUSPICIOUS_MOVE = YES;
				CLANG_WARN_UNGUARDED_AVAILABILITY = YES_AGGRESSIVE;
				CLANG_WARN_UNREACHABLE_CODE = YES;
				CLANG_WARN__DUPLICATE_METHOD_MATCH = YES;
				COPY_PHASE_STRIP = NO;
				DEBUG_INFORMATION_FORMAT = "dwarf-with-dsym";
				ENABLE_NS_ASSERTIONS = NO;
				ENABLE_STRICT_OBJC_MSGSEND = YES;
				GCC_C_LANGUAGE_STANDARD = gnu11;
				GCC_NO_COMMON_BLOCKS = YES;
				GCC_WARN_64_TO_32_BIT_CONVERSION = YES;
				GCC_WARN_ABOUT_RETURN_TYPE = YES_ERROR;
				GCC_WARN_UNDECLARED_SELECTOR = YES;
				GCC_WARN_UNINITIALIZED_AUTOS = YES_AGGRESSIVE;
				GCC_WARN_UNUSED_FUNCTION = YES;
				GCC_WARN_UNUSED_VARIABLE = YES;
				IPHONEOS_DEPLOYMENT_TARGET = 13.5;
				MTL_ENABLE_DEBUG_INFO = NO;
				MTL_FAST_MATH = YES;
				SDKROOT = iphoneos;
				SWIFT_COMPILATION_MODE = wholemodule;
				SWIFT_OPTIMIZATION_LEVEL = "-O";
				VALIDATE_PRODUCT = YES;
			};
			name = Release;
		};
		EE7C622E2534452C00A727C2 /* Debug */ = {
			isa = XCBuildConfiguration;
			buildSettings = {
				ASSETCATALOG_COMPILER_APPICON_NAME = AppIcon;
				CODE_SIGN_STYLE = Automatic;
				DEVELOPMENT_TEAM = Q3VXP7235L;
				INFOPLIST_FILE = SlideshowApp/Info.plist;
				LD_RUNPATH_SEARCH_PATHS = (
					"$(inherited)",
					"@executable_path/Frameworks",
				);
				PRODUCT_BUNDLE_IDENTIFIER = jp.techacademy.tetelab.SlideshowApp;
				PRODUCT_NAME = "$(TARGET_NAME)";
				SWIFT_VERSION = 5.0;
				TARGETED_DEVICE_FAMILY = "1,2";
			};
			name = Debug;
		};
		EE7C622F2534452C00A727C2 /* Release */ = {
			isa = XCBuildConfiguration;
			buildSettings = {
				ASSETCATALOG_COMPILER_APPICON_NAME = AppIcon;
				CODE_SIGN_STYLE = Automatic;
				DEVELOPMENT_TEAM = Q3VXP7235L;
				INFOPLIST_FILE = SlideshowApp/Info.plist;
				LD_RUNPATH_SEARCH_PATHS = (
					"$(inherited)",
					"@executable_path/Frameworks",
				);
				PRODUCT_BUNDLE_IDENTIFIER = jp.techacademy.tetelab.SlideshowApp;
				PRODUCT_NAME = "$(TARGET_NAME)";
				SWIFT_VERSION = 5.0;
				TARGETED_DEVICE_FAMILY = "1,2";
			};
			name = Release;
		};
		EE7C62312534452C00A727C2 /* Debug */ = {
			isa = XCBuildConfiguration;
			buildSettings = {
				ALWAYS_EMBED_SWIFT_STANDARD_LIBRARIES = YES;
				BUNDLE_LOADER = "$(TEST_HOST)";
				CODE_SIGN_STYLE = Automatic;
				DEVELOPMENT_TEAM = Q3VXP7235L;
				INFOPLIST_FILE = SlideshowAppTests/Info.plist;
				IPHONEOS_DEPLOYMENT_TARGET = 13.5;
				LD_RUNPATH_SEARCH_PATHS = (
					"$(inherited)",
					"@executable_path/Frameworks",
					"@loader_path/Frameworks",
				);
				PRODUCT_BUNDLE_IDENTIFIER = jp.techacademy.tetelab.SlideshowAppTests;
				PRODUCT_NAME = "$(TARGET_NAME)";
				SWIFT_VERSION = 5.0;
				TARGETED_DEVICE_FAMILY = "1,2";
				TEST_HOST = "$(BUILT_PRODUCTS_DIR)/SlideshowApp.app/SlideshowApp";
			};
			name = Debug;
		};
		EE7C62322534452C00A727C2 /* Release */ = {
			isa = XCBuildConfiguration;
			buildSettings = {
				ALWAYS_EMBED_SWIFT_STANDARD_LIBRARIES = YES;
				BUNDLE_LOADER = "$(TEST_HOST)";
				CODE_SIGN_STYLE = Automatic;
				DEVELOPMENT_TEAM = Q3VXP7235L;
				INFOPLIST_FILE = SlideshowAppTests/Info.plist;
				IPHONEOS_DEPLOYMENT_TARGET = 13.5;
				LD_RUNPATH_SEARCH_PATHS = (
					"$(inherited)",
					"@executable_path/Frameworks",
					"@loader_path/Frameworks",
				);
				PRODUCT_BUNDLE_IDENTIFIER = jp.techacademy.tetelab.SlideshowAppTests;
				PRODUCT_NAME = "$(TARGET_NAME)";
				SWIFT_VERSION = 5.0;
				TARGETED_DEVICE_FAMILY = "1,2";
				TEST_HOST = "$(BUILT_PRODUCTS_DIR)/SlideshowApp.app/SlideshowApp";
			};
			name = Release;
		};
		EE7C62342534452C00A727C2 /* Debug */ = {
			isa = XCBuildConfiguration;
			buildSettings = {
				ALWAYS_EMBED_SWIFT_STANDARD_LIBRARIES = YES;
				CODE_SIGN_STYLE = Automatic;
				DEVELOPMENT_TEAM = Q3VXP7235L;
				INFOPLIST_FILE = SlideshowAppUITests/Info.plist;
				LD_RUNPATH_SEARCH_PATHS = (
					"$(inherited)",
					"@executable_path/Frameworks",
					"@loader_path/Frameworks",
				);
				PRODUCT_BUNDLE_IDENTIFIER = jp.techacademy.tetelab.SlideshowAppUITests;
				PRODUCT_NAME = "$(TARGET_NAME)";
				SWIFT_VERSION = 5.0;
				TARGETED_DEVICE_FAMILY = "1,2";
				TEST_TARGET_NAME = SlideshowApp;
			};
			name = Debug;
		};
		EE7C62352534452C00A727C2 /* Release */ = {
			isa = XCBuildConfiguration;
			buildSettings = {
				ALWAYS_EMBED_SWIFT_STANDARD_LIBRARIES = YES;
				CODE_SIGN_STYLE = Automatic;
				DEVELOPMENT_TEAM = Q3VXP7235L;
				INFOPLIST_FILE = SlideshowAppUITests/Info.plist;
				LD_RUNPATH_SEARCH_PATHS = (
					"$(inherited)",
					"@executable_path/Frameworks",
					"@loader_path/Frameworks",
				);
				PRODUCT_BUNDLE_IDENTIFIER = jp.techacademy.tetelab.SlideshowAppUITests;
				PRODUCT_NAME = "$(TARGET_NAME)";
				SWIFT_VERSION = 5.0;
				TARGETED_DEVICE_FAMILY = "1,2";
				TEST_TARGET_NAME = SlideshowApp;
			};
			name = Release;
		};
/* End XCBuildConfiguration section */

/* Begin XCConfigurationList section */
		EE7C61FE2534452800A727C2 /* Build configuration list for PBXProject "SlideshowApp" */ = {
			isa = XCConfigurationList;
			buildConfigurations = (
				EE7C622B2534452C00A727C2 /* Debug */,
				EE7C622C2534452C00A727C2 /* Release */,
			);
			defaultConfigurationIsVisible = 0;
			defaultConfigurationName = Release;
		};
		EE7C622D2534452C00A727C2 /* Build configuration list for PBXNativeTarget "SlideshowApp" */ = {
			isa = XCConfigurationList;
			buildConfigurations = (
				EE7C622E2534452C00A727C2 /* Debug */,
				EE7C622F2534452C00A727C2 /* Release */,
			);
			defaultConfigurationIsVisible = 0;
			defaultConfigurationName = Release;
		};
		EE7C62302534452C00A727C2 /* Build configuration list for PBXNativeTarget "SlideshowAppTests" */ = {
			isa = XCConfigurationList;
			buildConfigurations = (
				EE7C62312534452C00A727C2 /* Debug */,
				EE7C62322534452C00A727C2 /* Release */,
			);
			defaultConfigurationIsVisible = 0;
			defaultConfigurationName = Release;
		};
		EE7C62332534452C00A727C2 /* Build configuration list for PBXNativeTarget "SlideshowAppUITests" */ = {
			isa = XCConfigurationList;
			buildConfigurations = (
				EE7C62342534452C00A727C2 /* Debug */,
				EE7C62352534452C00A727C2 /* Release */,
			);
			defaultConfigurationIsVisible = 0;
			defaultConfigurationName = Release;
		};
/* End XCConfigurationList section */
	};
	rootObject = EE7C61FB2534452800A727C2 /* Project object */;
}
